
Microsoft Visual Studio Solution File, Format Version 12.00
# Visual Studio Version 17
VisualStudioVersion = 17.4.33103.184
MinimumVisualStudioVersion = 10.0.40219.1
Project("{9A19103F-16F7-4668-BE54-9A1E7A4F7556}") = "KuceZBronksuDAL", "KuceZBronksuDAL\KuceZBronksuDAL.csproj", "{AC4B892C-A6B6-4D36-A408-CDE1BA9DDA8F}"
EndProject
Project("{9A19103F-16F7-4668-BE54-9A1E7A4F7556}") = "KuceZBronksuBLL", "KuceZBronksuLogic\KuceZBronksuBLL.csproj", "{A336C35E-184C-4109-BB50-B75E10D11554}"
EndProject
Project("{9A19103F-16F7-4668-BE54-9A1E7A4F7556}") = "KuceZBronksuWEB", "KuceZBronksuWEB\KuceZBronksuWEB.csproj", "{FDC46578-8EAF-468D-BEF9-25BF2E87AACB}"
	ProjectSection(ProjectDependencies) = postProject
		{A336C35E-184C-4109-BB50-B75E10D11554} = {A336C35E-184C-4109-BB50-B75E10D11554}
		{AC4B892C-A6B6-4D36-A408-CDE1BA9DDA8F} = {AC4B892C-A6B6-4D36-A408-CDE1BA9DDA8F}
	EndProjectSection
EndProject
Project("{9A19103F-16F7-4668-BE54-9A1E7A4F7556}") = "KuceZBronksuBLL.xUnitTests", "KuceZBronksuBLL.xUnitTests\KuceZBronksuBLL.xUnitTests.csproj", "{0059E773-F63F-4FDC-804E-4D4BA4F08341}"
EndProject
Project("{FAE04EC0-301F-11D3-BF4B-00C04F79EFBC}") = "KuceZBronksuWebApi", "KuceZBronksuWebApi\KuceZBronksuWebApi.csproj", "{A3C37BBD-58A9-4EB0-9727-A8A7F4718BD3}"
	ProjectSection(ProjectDependencies) = postProject
		{A336C35E-184C-4109-BB50-B75E10D11554} = {A336C35E-184C-4109-BB50-B75E10D11554}
		{AC4B892C-A6B6-4D36-A408-CDE1BA9DDA8F} = {AC4B892C-A6B6-4D36-A408-CDE1BA9DDA8F}
		{FDC46578-8EAF-468D-BEF9-25BF2E87AACB} = {FDC46578-8EAF-468D-BEF9-25BF2E87AACB}
	EndProjectSection
EndProject
Global
	GlobalSection(SolutionConfigurationPlatforms) = preSolution
		Debug|Any CPU = Debug|Any CPU
		Release|Any CPU = Release|Any CPU
	EndGlobalSection
	GlobalSection(ProjectConfigurationPlatforms) = postSolution
		{AC4B892C-A6B6-4D36-A408-CDE1BA9DDA8F}.Debug|Any CPU.ActiveCfg = Debug|Any CPU
		{AC4B892C-A6B6-4D36-A408-CDE1BA9DDA8F}.Debug|Any CPU.Build.0 = Debug|Any CPU
		{AC4B892C-A6B6-4D36-A408-CDE1BA9DDA8F}.Release|Any CPU.ActiveCfg = Release|Any CPU
		{AC4B892C-A6B6-4D36-A408-CDE1BA9DDA8F}.Release|Any CPU.Build.0 = Release|Any CPU
		{A336C35E-184C-4109-BB50-B75E10D11554}.Debug|Any CPU.ActiveCfg = Debug|Any CPU
		{A336C35E-184C-4109-BB50-B75E10D11554}.Debug|Any CPU.Build.0 = Debug|Any CPU
		{A336C35E-184C-4109-BB50-B75E10D11554}.Release|Any CPU.ActiveCfg = Release|Any CPU
		{A336C35E-184C-4109-BB50-B75E10D11554}.Release|Any CPU.Build.0 = Release|Any CPU
		{FDC46578-8EAF-468D-BEF9-25BF2E87AACB}.Debug|Any CPU.ActiveCfg = Debug|Any CPU
		{FDC46578-8EAF-468D-BEF9-25BF2E87AACB}.Debug|Any CPU.Build.0 = Debug|Any CPU
		{FDC46578-8EAF-468D-BEF9-25BF2E87AACB}.Release|Any CPU.ActiveCfg = Release|Any CPU
		{FDC46578-8EAF-468D-BEF9-25BF2E87AACB}.Release|Any CPU.Build.0 = Release|Any CPU
		{0059E773-F63F-4FDC-804E-4D4BA4F08341}.Debug|Any CPU.ActiveCfg = Debug|Any CPU
		{0059E773-F63F-4FDC-804E-4D4BA4F08341}.Debug|Any CPU.Build.0 = Debug|Any CPU
		{0059E773-F63F-4FDC-804E-4D4BA4F08341}.Release|Any CPU.ActiveCfg = Release|Any CPU
		{0059E773-F63F-4FDC-804E-4D4BA4F08341}.Release|Any CPU.Build.0 = Release|Any CPU
		{A3C37BBD-58A9-4EB0-9727-A8A7F4718BD3}.Debug|Any CPU.ActiveCfg = Debug|Any CPU
		{A3C37BBD-58A9-4EB0-9727-A8A7F4718BD3}.Debug|Any CPU.Build.0 = Debug|Any CPU
		{A3C37BBD-58A9-4EB0-9727-A8A7F4718BD3}.Release|Any CPU.ActiveCfg = Release|Any CPU
		{A3C37BBD-58A9-4EB0-9727-A8A7F4718BD3}.Release|Any CPU.Build.0 = Release|Any CPU
	EndGlobalSection
	GlobalSection(SolutionProperties) = preSolution
		HideSolutionNode = FALSE
	EndGlobalSection
	GlobalSection(ExtensibilityGlobals) = postSolution
		SolutionGuid = {858C56D8-0BCA-4246-811E-5421BD85A0F1}
	EndGlobalSection
EndGlobal
